// !$*UTF8*$!
{
	archiveVersion = 1;
	classes = {
	};
	objectVersion = 50;
	objects = {

/* Begin PBXBuildFile section */
		688A331C2545057300F76C56 /* main.swift in Sources */ = {isa = PBXBuildFile; fileRef = 688A331B2545057300F76C56 /* main.swift */; };
		688A33802546933100F76C56 /* GR1.swift in Sources */ = {isa = PBXBuildFile; fileRef = 688A337F2546933100F76C56 /* GR1.swift */; };
		688A33852546957D00F76C56 /* Graph.swift in Sources */ = {isa = PBXBuildFile; fileRef = 688A33842546957D00F76C56 /* Graph.swift */; };
		688A3389254697A900F76C56 /* Edge.swift in Sources */ = {isa = PBXBuildFile; fileRef = 688A3388254697A900F76C56 /* Edge.swift */; };
		688A33972546984C00F76C56 /* GraphTests.swift in Sources */ = {isa = PBXBuildFile; fileRef = 688A33962546984C00F76C56 /* GraphTests.swift */; };
		688A339C2546986F00F76C56 /* GR1.swift in Sources */ = {isa = PBXBuildFile; fileRef = 688A337F2546933100F76C56 /* GR1.swift */; };
		688A33A2254698AA00F76C56 /* Edge.swift in Sources */ = {isa = PBXBuildFile; fileRef = 688A3388254697A900F76C56 /* Edge.swift */; };
		688A33A72546990000F76C56 /* Graph.swift in Sources */ = {isa = PBXBuildFile; fileRef = 688A33842546957D00F76C56 /* Graph.swift */; };
/* End PBXBuildFile section */

/* Begin PBXCopyFilesBuildPhase section */
		688A33162545057200F76C56 /* CopyFiles */ = {
			isa = PBXCopyFilesBuildPhase;
			buildActionMask = 2147483647;
			dstPath = /usr/share/man/man1/;
			dstSubfolderSpec = 0;
			files = (
			);
			runOnlyForDeploymentPostprocessing = 1;
		};
/* End PBXCopyFilesBuildPhase section */

/* Begin PBXFileReference section */
		688A33182545057200F76C56 /* AlgorithmsSwift */ = {isa = PBXFileReference; explicitFileType = "compiled.mach-o.executable"; includeInIndex = 0; path = AlgorithmsSwift; sourceTree = BUILT_PRODUCTS_DIR; };
		688A331B2545057300F76C56 /* main.swift */ = {isa = PBXFileReference; lastKnownFileType = sourcecode.swift; path = main.swift; sourceTree = "<group>"; };
		688A33452545080A00F76C56 /* AlgorithmsSwiftTests.xctest */ = {isa = PBXFileReference; explicitFileType = wrapper.cfbundle; includeInIndex = 0; path = AlgorithmsSwiftTests.xctest; sourceTree = BUILT_PRODUCTS_DIR; };
		688A334F2545083300F76C56 /* AlgorithmsSwiftTests-Bridging-Header.h */ = {isa = PBXFileReference; lastKnownFileType = sourcecode.c.h; path = "AlgorithmsSwiftTests-Bridging-Header.h"; sourceTree = "<group>"; };
		688A335C2545094A00F76C56 /* Info.plist */ = {isa = PBXFileReference; fileEncoding = 4; lastKnownFileType = text.plist.xml; path = Info.plist; sourceTree = "<group>"; };
		688A337F2546933100F76C56 /* GR1.swift */ = {isa = PBXFileReference; lastKnownFileType = sourcecode.swift; path = GR1.swift; sourceTree = "<group>"; };
		688A33842546957D00F76C56 /* Graph.swift */ = {isa = PBXFileReference; lastKnownFileType = sourcecode.swift; path = Graph.swift; sourceTree = "<group>"; };
		688A3388254697A900F76C56 /* Edge.swift */ = {isa = PBXFileReference; lastKnownFileType = sourcecode.swift; path = Edge.swift; sourceTree = "<group>"; };
		688A33962546984C00F76C56 /* GraphTests.swift */ = {isa = PBXFileReference; lastKnownFileType = sourcecode.swift; path = GraphTests.swift; sourceTree = "<group>"; };
/* End PBXFileReference section */

/* Begin PBXFrameworksBuildPhase section */
		688A33152545057200F76C56 /* Frameworks */ = {
			isa = PBXFrameworksBuildPhase;
			buildActionMask = 2147483647;
			files = (
			);
			runOnlyForDeploymentPostprocessing = 0;
		};
		688A33422545080A00F76C56 /* Frameworks */ = {
			isa = PBXFrameworksBuildPhase;
			buildActionMask = 2147483647;
			files = (
			);
			runOnlyForDeploymentPostprocessing = 0;
		};
/* End PBXFrameworksBuildPhase section */

/* Begin PBXGroup section */
		688A330F2545057200F76C56 = {
			isa = PBXGroup;
			children = (
				688A331A2545057300F76C56 /* AlgorithmsSwift */,
				688A33462545080A00F76C56 /* AlgorithmsSwiftTests */,
				688A33192545057200F76C56 /* Products */,
			);
			sourceTree = "<group>";
		};
		688A33192545057200F76C56 /* Products */ = {
			isa = PBXGroup;
			children = (
				688A33182545057200F76C56 /* AlgorithmsSwift */,
				688A33452545080A00F76C56 /* AlgorithmsSwiftTests.xctest */,
			);
			name = Products;
			sourceTree = "<group>";
		};
		688A331A2545057300F76C56 /* AlgorithmsSwift */ = {
			isa = PBXGroup;
			children = (
				688A33832546957400F76C56 /* Shared */,
				688A337A25454F5500F76C56 /* Graph */,
				688A337925454F3100F76C56 /* DynamicProgramming */,
				688A331B2545057300F76C56 /* main.swift */,
			);
			path = AlgorithmsSwift;
			sourceTree = "<group>";
		};
		688A33462545080A00F76C56 /* AlgorithmsSwiftTests */ = {
			isa = PBXGroup;
			children = (
				688A33962546984C00F76C56 /* GraphTests.swift */,
				688A334F2545083300F76C56 /* AlgorithmsSwiftTests-Bridging-Header.h */,
				688A335C2545094A00F76C56 /* Info.plist */,
			);
			path = AlgorithmsSwiftTests;
			sourceTree = "<group>";
		};
		688A337925454F3100F76C56 /* DynamicProgramming */ = {
			isa = PBXGroup;
			children = (
			);
			path = DynamicProgramming;
			sourceTree = "<group>";
		};
		688A337A25454F5500F76C56 /* Graph */ = {
			isa = PBXGroup;
			children = (
				688A337F2546933100F76C56 /* GR1.swift */,
			);
			path = Graph;
			sourceTree = "<group>";
		};
		688A33832546957400F76C56 /* Shared */ = {
			isa = PBXGroup;
			children = (
				688A33842546957D00F76C56 /* Graph.swift */,
				688A3388254697A900F76C56 /* Edge.swift */,
			);
			path = Shared;
			sourceTree = "<group>";
		};
/* End PBXGroup section */

/* Begin PBXNativeTarget section */
		688A33172545057200F76C56 /* AlgorithmsSwift */ = {
			isa = PBXNativeTarget;
			buildConfigurationList = 688A331F2545057300F76C56 /* Build configuration list for PBXNativeTarget "AlgorithmsSwift" */;
			buildPhases = (
				688A33142545057200F76C56 /* Sources */,
				688A33152545057200F76C56 /* Frameworks */,
				688A33162545057200F76C56 /* CopyFiles */,
			);
			buildRules = (
			);
			dependencies = (
			);
			name = AlgorithmsSwift;
			productName = AlgorithmsSwift;
			productReference = 688A33182545057200F76C56 /* AlgorithmsSwift */;
			productType = "com.apple.product-type.tool";
		};
		688A33442545080A00F76C56 /* AlgorithmsSwiftTests */ = {
			isa = PBXNativeTarget;
			buildConfigurationList = 688A334A2545080A00F76C56 /* Build configuration list for PBXNativeTarget "AlgorithmsSwiftTests" */;
			buildPhases = (
				688A33412545080A00F76C56 /* Sources */,
				688A33422545080A00F76C56 /* Frameworks */,
				688A33432545080A00F76C56 /* Resources */,
			);
			buildRules = (
			);
			dependencies = (
			);
			name = AlgorithmsSwiftTests;
			productName = AlgorithmsSwiftTests;
			productReference = 688A33452545080A00F76C56 /* AlgorithmsSwiftTests.xctest */;
			productType = "com.apple.product-type.bundle.unit-test";
		};
/* End PBXNativeTarget section */

/* Begin PBXProject section */
		688A33102545057200F76C56 /* Project object */ = {
			isa = PBXProject;
			attributes = {
				LastSwiftUpdateCheck = 1210;
				LastUpgradeCheck = 1210;
				TargetAttributes = {
					688A33172545057200F76C56 = {
						CreatedOnToolsVersion = 12.1;
					};
					688A33442545080A00F76C56 = {
						CreatedOnToolsVersion = 12.1;
						LastSwiftMigration = 1210;
					};
				};
			};
			buildConfigurationList = 688A33132545057200F76C56 /* Build configuration list for PBXProject "AlgorithmsSwift" */;
			compatibilityVersion = "Xcode 9.3";
			developmentRegion = en;
			hasScannedForEncodings = 0;
			knownRegions = (
				en,
				Base,
			);
			mainGroup = 688A330F2545057200F76C56;
			productRefGroup = 688A33192545057200F76C56 /* Products */;
			projectDirPath = "";
			projectRoot = "";
			targets = (
				688A33172545057200F76C56 /* AlgorithmsSwift */,
				688A33442545080A00F76C56 /* AlgorithmsSwiftTests */,
			);
		};
/* End PBXProject section */

/* Begin PBXResourcesBuildPhase section */
		688A33432545080A00F76C56 /* Resources */ = {
			isa = PBXResourcesBuildPhase;
			buildActionMask = 2147483647;
			files = (
			);
			runOnlyForDeploymentPostprocessing = 0;
		};
/* End PBXResourcesBuildPhase section */

/* Begin PBXSourcesBuildPhase section */
		688A33142545057200F76C56 /* Sources */ = {
			isa = PBXSourcesBuildPhase;
			buildActionMask = 2147483647;
			files = (
				688A33852546957D00F76C56 /* Graph.swift in Sources */,
				688A33802546933100F76C56 /* GR1.swift in Sources */,
				688A3389254697A900F76C56 /* Edge.swift in Sources */,
				688A331C2545057300F76C56 /* main.swift in Sources */,
			);
			runOnlyForDeploymentPostprocessing = 0;
		};
		688A33412545080A00F76C56 /* Sources */ = {
			isa = PBXSourcesBuildPhase;
			buildActionMask = 2147483647;
			files = (
				688A33A72546990000F76C56 /* Graph.swift in Sources */,
				688A339C2546986F00F76C56 /* GR1.swift in Sources */,
				688A33A2254698AA00F76C56 /* Edge.swift in Sources */,
				688A33972546984C00F76C56 /* GraphTests.swift in Sources */,
			);
			runOnlyForDeploymentPostprocessing = 0;
		};
/* End PBXSourcesBuildPhase section */

/* Begin XCBuildConfiguration section */
		688A331D2545057300F76C56 /* Debug */ = {
			isa = XCBuildConfiguration;
			buildSettings = {
				ALWAYS_SEARCH_USER_PATHS = NO;
				CLANG_ANALYZER_NONNULL = YES;
				CLANG_ANALYZER_NUMBER_OBJECT_CONVERSION = YES_AGGRESSIVE;
				CLANG_CXX_LANGUAGE_STANDARD = "gnu++14";
				CLANG_CXX_LIBRARY = "libc++";
				CLANG_ENABLE_MODULES = YES;
				CLANG_ENABLE_OBJC_ARC = YES;
				CLANG_ENABLE_OBJC_WEAK = YES;
				CLANG_WARN_BLOCK_CAPTURE_AUTORELEASING = YES;
				CLANG_WARN_BOOL_CONVERSION = YES;
				CLANG_WARN_COMMA = YES;
				CLANG_WARN_CONSTANT_CONVERSION = YES;
				CLANG_WARN_DEPRECATED_OBJC_IMPLEMENTATIONS = YES;
				CLANG_WARN_DIRECT_OBJC_ISA_USAGE = YES_ERROR;
				CLANG_WARN_DOCUMENTATION_COMMENTS = YES;
				CLANG_WARN_EMPTY_BODY = YES;
				CLANG_WARN_ENUM_CONVERSION = YES;
				CLANG_WARN_INFINITE_RECURSION = YES;
				CLANG_WARN_INT_CONVERSION = YES;
				CLANG_WARN_NON_LITERAL_NULL_CONVERSION = YES;
				CLANG_WARN_OBJC_IMPLICIT_RETAIN_SELF = YES;
				CLANG_WARN_OBJC_LITERAL_CONVERSION = YES;
				CLANG_WARN_OBJC_ROOT_CLASS = YES_ERROR;
				CLANG_WARN_QUOTED_INCLUDE_IN_FRAMEWORK_HEADER = YES;
				CLANG_WARN_RANGE_LOOP_ANALYSIS = YES;
				CLANG_WARN_STRICT_PROTOTYPES = YES;
				CLANG_WARN_SUSPICIOUS_MOVE = YES;
				CLANG_WARN_UNGUARDED_AVAILABILITY = YES_AGGRESSIVE;
				CLANG_WARN_UNREACHABLE_CODE = YES;
				CLANG_WARN__DUPLICATE_METHOD_MATCH = YES;
				COPY_PHASE_STRIP = NO;
				DEBUG_INFORMATION_FORMAT = dwarf;
				ENABLE_STRICT_OBJC_MSGSEND = YES;
				ENABLE_TESTABILITY = YES;
				GCC_C_LANGUAGE_STANDARD = gnu11;
				GCC_DYNAMIC_NO_PIC = NO;
				GCC_NO_COMMON_BLOCKS = YES;
				GCC_OPTIMIZATION_LEVEL = 0;
				GCC_PREPROCESSOR_DEFINITIONS = (
					"DEBUG=1",
					"$(inherited)",
				);
				GCC_WARN_64_TO_32_BIT_CONVERSION = YES;
				GCC_WARN_ABOUT_RETURN_TYPE = YES_ERROR;
				GCC_WARN_UNDECLARED_SELECTOR = YES;
				GCC_WARN_UNINITIALIZED_AUTOS = YES_AGGRESSIVE;
				GCC_WARN_UNUSED_FUNCTION = YES;
				GCC_WARN_UNUSED_VARIABLE = YES;
				MACOSX_DEPLOYMENT_TARGET = 10.15;
				MTL_ENABLE_DEBUG_INFO = INCLUDE_SOURCE;
				MTL_FAST_MATH = YES;
				ONLY_ACTIVE_ARCH = YES;
				SDKROOT = macosx;
				SWIFT_ACTIVE_COMPILATION_CONDITIONS = DEBUG;
				SWIFT_OPTIMIZATION_LEVEL = "-Onone";
			};
			name = Debug;
		};
		688A331E2545057300F76C56 /* Release */ = {
			isa = XCBuildConfiguration;
			buildSettings = {
				ALWAYS_SEARCH_USER_PATHS = NO;
				CLANG_ANALYZER_NONNULL = YES;
				CLANG_ANALYZER_NUMBER_OBJECT_CONVERSION = YES_AGGRESSIVE;
				CLANG_CXX_LANGUAGE_STANDARD = "gnu++14";
				CLANG_CXX_LIBRARY = "libc++";
				CLANG_ENABLE_MODULES = YES;
				CLANG_ENABLE_OBJC_ARC = YES;
				CLANG_ENABLE_OBJC_WEAK = YES;
				CLANG_WARN_BLOCK_CAPTURE_AUTORELEASING = YES;
				CLANG_WARN_BOOL_CONVERSION = YES;
				CLANG_WARN_COMMA = YES;
				CLANG_WARN_CONSTANT_CONVERSION = YES;
				CLANG_WARN_DEPRECATED_OBJC_IMPLEMENTATIONS = YES;
				CLANG_WARN_DIRECT_OBJC_ISA_USAGE = YES_ERROR;
				CLANG_WARN_DOCUMENTATION_COMMENTS = YES;
				CLANG_WARN_EMPTY_BODY = YES;
				CLANG_WARN_ENUM_CONVERSION = YES;
				CLANG_WARN_INFINITE_RECURSION = YES;
				CLANG_WARN_INT_CONVERSION = YES;
				CLANG_WARN_NON_LITERAL_NULL_CONVERSION = YES;
				CLANG_WARN_OBJC_IMPLICIT_RETAIN_SELF = YES;
				CLANG_WARN_OBJC_LITERAL_CONVERSION = YES;
				CLANG_WARN_OBJC_ROOT_CLASS = YES_ERROR;
				CLANG_WARN_QUOTED_INCLUDE_IN_FRAMEWORK_HEADER = YES;
				CLANG_WARN_RANGE_LOOP_ANALYSIS = YES;
				CLANG_WARN_STRICT_PROTOTYPES = YES;
				CLANG_WARN_SUSPICIOUS_MOVE = YES;
				CLANG_WARN_UNGUARDED_AVAILABILITY = YES_AGGRESSIVE;
				CLANG_WARN_UNREACHABLE_CODE = YES;
				CLANG_WARN__DUPLICATE_METHOD_MATCH = YES;
				COPY_PHASE_STRIP = NO;
				DEBUG_INFORMATION_FORMAT = "dwarf-with-dsym";
				ENABLE_NS_ASSERTIONS = NO;
				ENABLE_STRICT_OBJC_MSGSEND = YES;
				GCC_C_LANGUAGE_STANDARD = gnu11;
				GCC_NO_COMMON_BLOCKS = YES;
				GCC_WARN_64_TO_32_BIT_CONVERSION = YES;
				GCC_WARN_ABOUT_RETURN_TYPE = YES_ERROR;
				GCC_WARN_UNDECLARED_SELECTOR = YES;
				GCC_WARN_UNINITIALIZED_AUTOS = YES_AGGRESSIVE;
				GCC_WARN_UNUSED_FUNCTION = YES;
				GCC_WARN_UNUSED_VARIABLE = YES;
				MACOSX_DEPLOYMENT_TARGET = 10.15;
				MTL_ENABLE_DEBUG_INFO = NO;
				MTL_FAST_MATH = YES;
				SDKROOT = macosx;
				SWIFT_COMPILATION_MODE = wholemodule;
				SWIFT_OPTIMIZATION_LEVEL = "-O";
			};
			name = Release;
		};
		688A33202545057300F76C56 /* Debug */ = {
			isa = XCBuildConfiguration;
			buildSettings = {
				CODE_SIGN_STYLE = Automatic;
				PRODUCT_NAME = "$(TARGET_NAME)";
				SWIFT_VERSION = 5.0;
			};
			name = Debug;
		};
		688A33212545057300F76C56 /* Release */ = {
			isa = XCBuildConfiguration;
			buildSettings = {
				CODE_SIGN_STYLE = Automatic;
				PRODUCT_NAME = "$(TARGET_NAME)";
				SWIFT_VERSION = 5.0;
			};
			name = Release;
		};
		688A334B2545080A00F76C56 /* Debug */ = {
			isa = XCBuildConfiguration;
			buildSettings = {
				CLANG_ENABLE_MODULES = YES;
				CODE_SIGN_STYLE = Automatic;
				COMBINE_HIDPI_IMAGES = YES;
				INFOPLIST_FILE = AlgorithmsSwiftTests/Info.plist;
				LD_RUNPATH_SEARCH_PATHS = (
					"$(inherited)",
					"@executable_path/../Frameworks",
					"@loader_path/../Frameworks",
				);
				PRODUCT_BUNDLE_IDENTIFIER = com.michaelho.AlgorithmsSwiftTests;
				PRODUCT_NAME = "$(TARGET_NAME)";
				SWIFT_OBJC_BRIDGING_HEADER = "AlgorithmsSwiftTests/AlgorithmsSwiftTests-Bridging-Header.h";
				SWIFT_OPTIMIZATION_LEVEL = "-Onone";
				SWIFT_VERSION = 5.0;
			};
			name = Debug;
		};
		688A334C2545080A00F76C56 /* Release */ = {
			isa = XCBuildConfiguration;
			buildSettings = {
				CLANG_ENABLE_MODULES = YES;
				CODE_SIGN_STYLE = Automatic;
				COMBINE_HIDPI_IMAGES = YES;
				INFOPLIST_FILE = AlgorithmsSwiftTests/Info.plist;
				LD_RUNPATH_SEARCH_PATHS = (
					"$(inherited)",
					"@executable_path/../Frameworks",
					"@loader_path/../Frameworks",
				);
				PRODUCT_BUNDLE_IDENTIFIER = com.michaelho.AlgorithmsSwiftTests;
				PRODUCT_NAME = "$(TARGET_NAME)";
				SWIFT_OBJC_BRIDGING_HEADER = "AlgorithmsSwiftTests/AlgorithmsSwiftTests-Bridging-Header.h";
				SWIFT_VERSION = 5.0;
			};
			name = Release;
		};
/* End XCBuildConfiguration section */

/* Begin XCConfigurationList section */
		688A33132545057200F76C56 /* Build configuration list for PBXProject "AlgorithmsSwift" */ = {
			isa = XCConfigurationList;
			buildConfigurations = (
				688A331D2545057300F76C56 /* Debug */,
				688A331E2545057300F76C56 /* Release */,
			);
			defaultConfigurationIsVisible = 0;
			defaultConfigurationName = Release;
		};
		688A331F2545057300F76C56 /* Build configuration list for PBXNativeTarget "AlgorithmsSwift" */ = {
			isa = XCConfigurationList;
			buildConfigurations = (
				688A33202545057300F76C56 /* Debug */,
				688A33212545057300F76C56 /* Release */,
			);
			defaultConfigurationIsVisible = 0;
			defaultConfigurationName = Release;
		};
		688A334A2545080A00F76C56 /* Build configuration list for PBXNativeTarget "AlgorithmsSwiftTests" */ = {
			isa = XCConfigurationList;
			buildConfigurations = (
				688A334B2545080A00F76C56 /* Debug */,
				688A334C2545080A00F76C56 /* Release */,
			);
			defaultConfigurationIsVisible = 0;
			defaultConfigurationName = Release;
		};
/* End XCConfigurationList section */
	};
	rootObject = 688A33102545057200F76C56 /* Project object */;
}
