// !$*UTF8*$!
{
	archiveVersion = 1;
	classes = {
	};
	objectVersion = 50;
	objects = {

/* Begin PBXBuildFile section */
		49032F932586D34300A3EDA0 /* RA3.swift in Sources */ = {isa = PBXBuildFile; fileRef = 49032F922586D34300A3EDA0 /* RA3.swift */; };
		49032F972586D4F200A3EDA0 /* HashMap.swift in Sources */ = {isa = PBXBuildFile; fileRef = 49032F962586D4F200A3EDA0 /* HashMap.swift */; };
		49032FA02586DE4C00A3EDA0 /* HashMap.swift in Sources */ = {isa = PBXBuildFile; fileRef = 49032F962586D4F200A3EDA0 /* HashMap.swift */; };
		49032FA32586DFDF00A3EDA0 /* RA3.swift in Sources */ = {isa = PBXBuildFile; fileRef = 49032F922586D34300A3EDA0 /* RA3.swift */; };
		49032FA8258DC65A00A3EDA0 /* DC1.swift in Sources */ = {isa = PBXBuildFile; fileRef = 49032FA7258DC65A00A3EDA0 /* DC1.swift */; };
		49032FAE258DC6F700A3EDA0 /* DivideAndConquerTests.swift in Sources */ = {isa = PBXBuildFile; fileRef = 49032FAD258DC6F700A3EDA0 /* DivideAndConquerTests.swift */; };
		49032FB1258DC70200A3EDA0 /* DC1.swift in Sources */ = {isa = PBXBuildFile; fileRef = 49032FA7258DC65A00A3EDA0 /* DC1.swift */; };
		49032FB5258DE3B300A3EDA0 /* DC2.swift in Sources */ = {isa = PBXBuildFile; fileRef = 49032FB4258DE3B300A3EDA0 /* DC2.swift */; };
		49032FB8258DE73900A3EDA0 /* DC2.swift in Sources */ = {isa = PBXBuildFile; fileRef = 49032FB4258DE3B300A3EDA0 /* DC2.swift */; };
		49B3A312258572E300369FAB /* RA1.swift in Sources */ = {isa = PBXBuildFile; fileRef = 49B3A311258572E300369FAB /* RA1.swift */; };
		49B3A3182585730000369FAB /* RandomizedAlgorithmsTests.swift in Sources */ = {isa = PBXBuildFile; fileRef = 49B3A3172585730000369FAB /* RandomizedAlgorithmsTests.swift */; };
		49B3A31B2585787500369FAB /* RA1.swift in Sources */ = {isa = PBXBuildFile; fileRef = 49B3A311258572E300369FAB /* RA1.swift */; };
		49B3A31F25857C5100369FAB /* RA2.swift in Sources */ = {isa = PBXBuildFile; fileRef = 49B3A31E25857C5100369FAB /* RA2.swift */; };
		49B3A3222585E1FB00369FAB /* RA2.swift in Sources */ = {isa = PBXBuildFile; fileRef = 49B3A31E25857C5100369FAB /* RA2.swift */; };
		680F03922550D2BA00D187FF /* MF1.swift in Sources */ = {isa = PBXBuildFile; fileRef = 68182D77254CDDA80000C39D /* MF1.swift */; };
		680F03962551306400D187FF /* MF2.swift in Sources */ = {isa = PBXBuildFile; fileRef = 680F03952551306400D187FF /* MF2.swift */; };
		680F03992551306600D187FF /* MF2.swift in Sources */ = {isa = PBXBuildFile; fileRef = 680F03952551306400D187FF /* MF2.swift */; };
		680F039F25521CAA00D187FF /* MF3.swift in Sources */ = {isa = PBXBuildFile; fileRef = 680F039E25521CAA00D187FF /* MF3.swift */; };
		680F03A225521D4100D187FF /* MF3.swift in Sources */ = {isa = PBXBuildFile; fileRef = 680F039E25521CAA00D187FF /* MF3.swift */; };
		680F03A625535FB600D187FF /* MF4.swift in Sources */ = {isa = PBXBuildFile; fileRef = 680F03A525535FB600D187FF /* MF4.swift */; };
		68115D28255E10C30090C5A8 /* LP3.swift in Sources */ = {isa = PBXBuildFile; fileRef = 68115D27255E10C30090C5A8 /* LP3.swift */; };
		68115D2B255E11630090C5A8 /* LP3.swift in Sources */ = {isa = PBXBuildFile; fileRef = 68115D27255E10C30090C5A8 /* LP3.swift */; };
		68115D2F255E605A0090C5A8 /* LP4.swift in Sources */ = {isa = PBXBuildFile; fileRef = 68115D2E255E605A0090C5A8 /* LP4.swift */; };
		68115D33255E6DBD0090C5A8 /* DP1.swift in Sources */ = {isa = PBXBuildFile; fileRef = 68115D32255E6DBD0090C5A8 /* DP1.swift */; };
		68115D36255E6DC50090C5A8 /* DP1.swift in Sources */ = {isa = PBXBuildFile; fileRef = 68115D32255E6DBD0090C5A8 /* DP1.swift */; };
		68115D3A255E6DD50090C5A8 /* DynamicProgrammingTests.swift in Sources */ = {isa = PBXBuildFile; fileRef = 68115D39255E6DD50090C5A8 /* DynamicProgrammingTests.swift */; };
		6815E5FA2554A41D0011C165 /* MF4.swift in Sources */ = {isa = PBXBuildFile; fileRef = 680F03A525535FB600D187FF /* MF4.swift */; };
		6815E5FE2554BA8E0011C165 /* MF5.swift in Sources */ = {isa = PBXBuildFile; fileRef = 6815E5FD2554BA8E0011C165 /* MF5.swift */; };
		6815E6012554BA980011C165 /* MF5.swift in Sources */ = {isa = PBXBuildFile; fileRef = 6815E5FD2554BA8E0011C165 /* MF5.swift */; };
		68182D73254CD4A80000C39D /* GR4.swift in Sources */ = {isa = PBXBuildFile; fileRef = 68EC2F4A254B79B500623738 /* GR4.swift */; };
		68182D78254CDDA80000C39D /* MF1.swift in Sources */ = {isa = PBXBuildFile; fileRef = 68182D77254CDDA80000C39D /* MF1.swift */; };
		68182D7C254CDDBF0000C39D /* MaxFlowTests.swift in Sources */ = {isa = PBXBuildFile; fileRef = 68182D7B254CDDBF0000C39D /* MaxFlowTests.swift */; };
		681870E8257C4C830094B367 /* DP2.swift in Sources */ = {isa = PBXBuildFile; fileRef = 681870E7257C4C820094B367 /* DP2.swift */; };
		681870EB257C4F240094B367 /* DP2.swift in Sources */ = {isa = PBXBuildFile; fileRef = 681870E7257C4C820094B367 /* DP2.swift */; };
		681870EF257CBF9D0094B367 /* DP3.swift in Sources */ = {isa = PBXBuildFile; fileRef = 681870EE257CBF9D0094B367 /* DP3.swift */; };
		681870F2257CBFA10094B367 /* DP3.swift in Sources */ = {isa = PBXBuildFile; fileRef = 681870EE257CBF9D0094B367 /* DP3.swift */; };
		682F8DD22547E0AC00C371FF /* GR2.swift in Sources */ = {isa = PBXBuildFile; fileRef = 682F8DD12547E0AC00C371FF /* GR2.swift */; };
		6833157D255B6CFE004CFF39 /* LP1.swift in Sources */ = {isa = PBXBuildFile; fileRef = 6833157C255B6CFE004CFF39 /* LP1.swift */; };
		68331583255B866C004CFF39 /* LinearProgrammingTests.swift in Sources */ = {isa = PBXBuildFile; fileRef = 68331582255B866C004CFF39 /* LinearProgrammingTests.swift */; };
		68331586255B8699004CFF39 /* LP1.swift in Sources */ = {isa = PBXBuildFile; fileRef = 6833157C255B6CFE004CFF39 /* LP1.swift */; };
		68331615255D0832004CFF39 /* SimplexDS.swift in Sources */ = {isa = PBXBuildFile; fileRef = 68331614255D0832004CFF39 /* SimplexDS.swift */; };
		68331619255D0A4C004CFF39 /* SimplexValue.swift in Sources */ = {isa = PBXBuildFile; fileRef = 68331618255D0A4C004CFF39 /* SimplexValue.swift */; };
		6833161E255D10D3004CFF39 /* SimplexDS.swift in Sources */ = {isa = PBXBuildFile; fileRef = 68331614255D0832004CFF39 /* SimplexDS.swift */; };
		68331621255D10D6004CFF39 /* SimplexValue.swift in Sources */ = {isa = PBXBuildFile; fileRef = 68331618255D0A4C004CFF39 /* SimplexValue.swift */; };
		68331625255D12E3004CFF39 /* LP2.swift in Sources */ = {isa = PBXBuildFile; fileRef = 68331624255D12E3004CFF39 /* LP2.swift */; };
		6833162A255D1446004CFF39 /* LP2.swift in Sources */ = {isa = PBXBuildFile; fileRef = 68331624255D12E3004CFF39 /* LP2.swift */; };
		688A331C2545057300F76C56 /* main.swift in Sources */ = {isa = PBXBuildFile; fileRef = 688A331B2545057300F76C56 /* main.swift */; };
		688A33802546933100F76C56 /* GR1.swift in Sources */ = {isa = PBXBuildFile; fileRef = 688A337F2546933100F76C56 /* GR1.swift */; };
		688A33852546957D00F76C56 /* Graph.swift in Sources */ = {isa = PBXBuildFile; fileRef = 688A33842546957D00F76C56 /* Graph.swift */; };
		688A33972546984C00F76C56 /* GraphTests.swift in Sources */ = {isa = PBXBuildFile; fileRef = 688A33962546984C00F76C56 /* GraphTests.swift */; };
		688A339C2546986F00F76C56 /* GR1.swift in Sources */ = {isa = PBXBuildFile; fileRef = 688A337F2546933100F76C56 /* GR1.swift */; };
		688A33A72546990000F76C56 /* Graph.swift in Sources */ = {isa = PBXBuildFile; fileRef = 688A33842546957D00F76C56 /* Graph.swift */; };
		68EC2E002549415200623738 /* GR2.swift in Sources */ = {isa = PBXBuildFile; fileRef = 682F8DD12547E0AC00C371FF /* GR2.swift */; };
		68EC2E042549DA1C00623738 /* GR3.swift in Sources */ = {isa = PBXBuildFile; fileRef = 68EC2E032549DA1C00623738 /* GR3.swift */; };
		68EC2EA2254A8D8D00623738 /* GR3.swift in Sources */ = {isa = PBXBuildFile; fileRef = 68EC2E032549DA1C00623738 /* GR3.swift */; };
		68EC2F4B254B79B500623738 /* GR4.swift in Sources */ = {isa = PBXBuildFile; fileRef = 68EC2F4A254B79B500623738 /* GR4.swift */; };
/* End PBXBuildFile section */

/* Begin PBXCopyFilesBuildPhase section */
		688A33162545057200F76C56 /* CopyFiles */ = {
			isa = PBXCopyFilesBuildPhase;
			buildActionMask = 2147483647;
			dstPath = /usr/share/man/man1/;
			dstSubfolderSpec = 0;
			files = (
			);
			runOnlyForDeploymentPostprocessing = 1;
		};
/* End PBXCopyFilesBuildPhase section */

/* Begin PBXFileReference section */
		49032F922586D34300A3EDA0 /* RA3.swift */ = {isa = PBXFileReference; lastKnownFileType = sourcecode.swift; path = RA3.swift; sourceTree = "<group>"; };
		49032F962586D4F200A3EDA0 /* HashMap.swift */ = {isa = PBXFileReference; lastKnownFileType = sourcecode.swift; path = HashMap.swift; sourceTree = "<group>"; };
		49032FA7258DC65A00A3EDA0 /* DC1.swift */ = {isa = PBXFileReference; lastKnownFileType = sourcecode.swift; path = DC1.swift; sourceTree = "<group>"; };
		49032FAD258DC6F700A3EDA0 /* DivideAndConquerTests.swift */ = {isa = PBXFileReference; lastKnownFileType = sourcecode.swift; path = DivideAndConquerTests.swift; sourceTree = "<group>"; };
		49032FB4258DE3B300A3EDA0 /* DC2.swift */ = {isa = PBXFileReference; lastKnownFileType = sourcecode.swift; path = DC2.swift; sourceTree = "<group>"; };
		49B3A311258572E300369FAB /* RA1.swift */ = {isa = PBXFileReference; lastKnownFileType = sourcecode.swift; path = RA1.swift; sourceTree = "<group>"; };
		49B3A3172585730000369FAB /* RandomizedAlgorithmsTests.swift */ = {isa = PBXFileReference; lastKnownFileType = sourcecode.swift; path = RandomizedAlgorithmsTests.swift; sourceTree = "<group>"; };
		49B3A31E25857C5100369FAB /* RA2.swift */ = {isa = PBXFileReference; lastKnownFileType = sourcecode.swift; path = RA2.swift; sourceTree = "<group>"; };
		680F03952551306400D187FF /* MF2.swift */ = {isa = PBXFileReference; lastKnownFileType = sourcecode.swift; path = MF2.swift; sourceTree = "<group>"; };
		680F039E25521CAA00D187FF /* MF3.swift */ = {isa = PBXFileReference; lastKnownFileType = sourcecode.swift; path = MF3.swift; sourceTree = "<group>"; };
		680F03A525535FB600D187FF /* MF4.swift */ = {isa = PBXFileReference; lastKnownFileType = sourcecode.swift; path = MF4.swift; sourceTree = "<group>"; };
		68115D27255E10C30090C5A8 /* LP3.swift */ = {isa = PBXFileReference; lastKnownFileType = sourcecode.swift; path = LP3.swift; sourceTree = "<group>"; };
		68115D2E255E605A0090C5A8 /* LP4.swift */ = {isa = PBXFileReference; lastKnownFileType = sourcecode.swift; path = LP4.swift; sourceTree = "<group>"; };
		68115D32255E6DBD0090C5A8 /* DP1.swift */ = {isa = PBXFileReference; lastKnownFileType = sourcecode.swift; path = DP1.swift; sourceTree = "<group>"; };
		68115D39255E6DD50090C5A8 /* DynamicProgrammingTests.swift */ = {isa = PBXFileReference; lastKnownFileType = sourcecode.swift; path = DynamicProgrammingTests.swift; sourceTree = "<group>"; };
		6815E5FD2554BA8E0011C165 /* MF5.swift */ = {isa = PBXFileReference; lastKnownFileType = sourcecode.swift; path = MF5.swift; sourceTree = "<group>"; };
		68182D77254CDDA80000C39D /* MF1.swift */ = {isa = PBXFileReference; lastKnownFileType = sourcecode.swift; path = MF1.swift; sourceTree = "<group>"; };
		68182D7B254CDDBF0000C39D /* MaxFlowTests.swift */ = {isa = PBXFileReference; lastKnownFileType = sourcecode.swift; path = MaxFlowTests.swift; sourceTree = "<group>"; };
		681870E7257C4C820094B367 /* DP2.swift */ = {isa = PBXFileReference; lastKnownFileType = sourcecode.swift; path = DP2.swift; sourceTree = "<group>"; };
		681870EE257CBF9D0094B367 /* DP3.swift */ = {isa = PBXFileReference; lastKnownFileType = sourcecode.swift; path = DP3.swift; sourceTree = "<group>"; };
		682F8DD12547E0AC00C371FF /* GR2.swift */ = {isa = PBXFileReference; lastKnownFileType = sourcecode.swift; path = GR2.swift; sourceTree = "<group>"; };
		6833157C255B6CFE004CFF39 /* LP1.swift */ = {isa = PBXFileReference; lastKnownFileType = sourcecode.swift; path = LP1.swift; sourceTree = "<group>"; };
		68331582255B866C004CFF39 /* LinearProgrammingTests.swift */ = {isa = PBXFileReference; lastKnownFileType = sourcecode.swift; path = LinearProgrammingTests.swift; sourceTree = "<group>"; };
		68331614255D0832004CFF39 /* SimplexDS.swift */ = {isa = PBXFileReference; lastKnownFileType = sourcecode.swift; path = SimplexDS.swift; sourceTree = "<group>"; };
		68331618255D0A4C004CFF39 /* SimplexValue.swift */ = {isa = PBXFileReference; lastKnownFileType = sourcecode.swift; path = SimplexValue.swift; sourceTree = "<group>"; };
		68331624255D12E3004CFF39 /* LP2.swift */ = {isa = PBXFileReference; lastKnownFileType = sourcecode.swift; path = LP2.swift; sourceTree = "<group>"; };
		688A33182545057200F76C56 /* AlgorithmsSwift */ = {isa = PBXFileReference; explicitFileType = "compiled.mach-o.executable"; includeInIndex = 0; path = AlgorithmsSwift; sourceTree = BUILT_PRODUCTS_DIR; };
		688A331B2545057300F76C56 /* main.swift */ = {isa = PBXFileReference; lastKnownFileType = sourcecode.swift; path = main.swift; sourceTree = "<group>"; };
		688A33452545080A00F76C56 /* AlgorithmsSwiftTests.xctest */ = {isa = PBXFileReference; explicitFileType = wrapper.cfbundle; includeInIndex = 0; path = AlgorithmsSwiftTests.xctest; sourceTree = BUILT_PRODUCTS_DIR; };
		688A334F2545083300F76C56 /* AlgorithmsSwiftTests-Bridging-Header.h */ = {isa = PBXFileReference; lastKnownFileType = sourcecode.c.h; path = "AlgorithmsSwiftTests-Bridging-Header.h"; sourceTree = "<group>"; };
		688A335C2545094A00F76C56 /* Info.plist */ = {isa = PBXFileReference; fileEncoding = 4; lastKnownFileType = text.plist.xml; path = Info.plist; sourceTree = "<group>"; };
		688A337F2546933100F76C56 /* GR1.swift */ = {isa = PBXFileReference; lastKnownFileType = sourcecode.swift; path = GR1.swift; sourceTree = "<group>"; };
		688A33842546957D00F76C56 /* Graph.swift */ = {isa = PBXFileReference; lastKnownFileType = sourcecode.swift; path = Graph.swift; sourceTree = "<group>"; };
		688A33962546984C00F76C56 /* GraphTests.swift */ = {isa = PBXFileReference; lastKnownFileType = sourcecode.swift; path = GraphTests.swift; sourceTree = "<group>"; };
		68EC2E032549DA1C00623738 /* GR3.swift */ = {isa = PBXFileReference; lastKnownFileType = sourcecode.swift; path = GR3.swift; sourceTree = "<group>"; };
		68EC2F4A254B79B500623738 /* GR4.swift */ = {isa = PBXFileReference; lastKnownFileType = sourcecode.swift; path = GR4.swift; sourceTree = "<group>"; };
/* End PBXFileReference section */

/* Begin PBXFrameworksBuildPhase section */
		688A33152545057200F76C56 /* Frameworks */ = {
			isa = PBXFrameworksBuildPhase;
			buildActionMask = 2147483647;
			files = (
			);
			runOnlyForDeploymentPostprocessing = 0;
		};
		688A33422545080A00F76C56 /* Frameworks */ = {
			isa = PBXFrameworksBuildPhase;
			buildActionMask = 2147483647;
			files = (
			);
			runOnlyForDeploymentPostprocessing = 0;
		};
/* End PBXFrameworksBuildPhase section */

/* Begin PBXGroup section */
		49032FA6258DA79000A3EDA0 /* DivideAndConquer */ = {
			isa = PBXGroup;
			children = (
				49032FA7258DC65A00A3EDA0 /* DC1.swift */,
				49032FB4258DE3B300A3EDA0 /* DC2.swift */,
			);
			path = DivideAndConquer;
			sourceTree = "<group>";
		};
		49B3A310258572C700369FAB /* RandomizedAlgorithms */ = {
			isa = PBXGroup;
			children = (
				49B3A311258572E300369FAB /* RA1.swift */,
				49B3A31E25857C5100369FAB /* RA2.swift */,
				49032F922586D34300A3EDA0 /* RA3.swift */,
			);
			path = RandomizedAlgorithms;
			sourceTree = "<group>";
		};
		68182D76254CDD980000C39D /* MaxFlow */ = {
			isa = PBXGroup;
			children = (
				68182D77254CDDA80000C39D /* MF1.swift */,
				680F03952551306400D187FF /* MF2.swift */,
				680F039E25521CAA00D187FF /* MF3.swift */,
				680F03A525535FB600D187FF /* MF4.swift */,
				6815E5FD2554BA8E0011C165 /* MF5.swift */,
			);
			path = MaxFlow;
			sourceTree = "<group>";
		};
		6833157B255B6CE2004CFF39 /* LinearProgramming */ = {
			isa = PBXGroup;
			children = (
				6833157C255B6CFE004CFF39 /* LP1.swift */,
				68331624255D12E3004CFF39 /* LP2.swift */,
				68115D27255E10C30090C5A8 /* LP3.swift */,
				68115D2E255E605A0090C5A8 /* LP4.swift */,
				68331614255D0832004CFF39 /* SimplexDS.swift */,
				68331618255D0A4C004CFF39 /* SimplexValue.swift */,
			);
			path = LinearProgramming;
			sourceTree = "<group>";
		};
		688A330F2545057200F76C56 = {
			isa = PBXGroup;
			children = (
				688A331A2545057300F76C56 /* AlgorithmsSwift */,
				688A33462545080A00F76C56 /* AlgorithmsSwiftTests */,
				688A33192545057200F76C56 /* Products */,
			);
			sourceTree = "<group>";
		};
		688A33192545057200F76C56 /* Products */ = {
			isa = PBXGroup;
			children = (
				688A33182545057200F76C56 /* AlgorithmsSwift */,
				688A33452545080A00F76C56 /* AlgorithmsSwiftTests.xctest */,
			);
			name = Products;
			sourceTree = "<group>";
		};
		688A331A2545057300F76C56 /* AlgorithmsSwift */ = {
			isa = PBXGroup;
			children = (
				688A337925454F3100F76C56 /* DynamicProgramming */,
				49B3A310258572C700369FAB /* RandomizedAlgorithms */,
				49032FA6258DA79000A3EDA0 /* DivideAndConquer */,
				688A337A25454F5500F76C56 /* Graph */,
				68182D76254CDD980000C39D /* MaxFlow */,
				6833157B255B6CE2004CFF39 /* LinearProgramming */,
				688A33832546957400F76C56 /* Shared */,
				688A331B2545057300F76C56 /* main.swift */,
			);
			path = AlgorithmsSwift;
			sourceTree = "<group>";
		};
		688A33462545080A00F76C56 /* AlgorithmsSwiftTests */ = {
			isa = PBXGroup;
			children = (
				68115D39255E6DD50090C5A8 /* DynamicProgrammingTests.swift */,
				49B3A3172585730000369FAB /* RandomizedAlgorithmsTests.swift */,
				49032FAD258DC6F700A3EDA0 /* DivideAndConquerTests.swift */,
				688A33962546984C00F76C56 /* GraphTests.swift */,
				68331582255B866C004CFF39 /* LinearProgrammingTests.swift */,
				68182D7B254CDDBF0000C39D /* MaxFlowTests.swift */,
				688A334F2545083300F76C56 /* AlgorithmsSwiftTests-Bridging-Header.h */,
				688A335C2545094A00F76C56 /* Info.plist */,
			);
			path = AlgorithmsSwiftTests;
			sourceTree = "<group>";
		};
		688A337925454F3100F76C56 /* DynamicProgramming */ = {
			isa = PBXGroup;
			children = (
				68115D32255E6DBD0090C5A8 /* DP1.swift */,
				681870E7257C4C820094B367 /* DP2.swift */,
				681870EE257CBF9D0094B367 /* DP3.swift */,
			);
			path = DynamicProgramming;
			sourceTree = "<group>";
		};
		688A337A25454F5500F76C56 /* Graph */ = {
			isa = PBXGroup;
			children = (
				688A337F2546933100F76C56 /* GR1.swift */,
				682F8DD12547E0AC00C371FF /* GR2.swift */,
				68EC2E032549DA1C00623738 /* GR3.swift */,
				68EC2F4A254B79B500623738 /* GR4.swift */,
			);
			path = Graph;
			sourceTree = "<group>";
		};
		688A33832546957400F76C56 /* Shared */ = {
			isa = PBXGroup;
			children = (
				688A33842546957D00F76C56 /* Graph.swift */,
				49032F962586D4F200A3EDA0 /* HashMap.swift */,
			);
			path = Shared;
			sourceTree = "<group>";
		};
/* End PBXGroup section */

/* Begin PBXNativeTarget section */
		688A33172545057200F76C56 /* AlgorithmsSwift */ = {
			isa = PBXNativeTarget;
			buildConfigurationList = 688A331F2545057300F76C56 /* Build configuration list for PBXNativeTarget "AlgorithmsSwift" */;
			buildPhases = (
				688A33142545057200F76C56 /* Sources */,
				688A33152545057200F76C56 /* Frameworks */,
				688A33162545057200F76C56 /* CopyFiles */,
			);
			buildRules = (
			);
			dependencies = (
			);
			name = AlgorithmsSwift;
			productName = AlgorithmsSwift;
			productReference = 688A33182545057200F76C56 /* AlgorithmsSwift */;
			productType = "com.apple.product-type.tool";
		};
		688A33442545080A00F76C56 /* AlgorithmsSwiftTests */ = {
			isa = PBXNativeTarget;
			buildConfigurationList = 688A334A2545080A00F76C56 /* Build configuration list for PBXNativeTarget "AlgorithmsSwiftTests" */;
			buildPhases = (
				688A33412545080A00F76C56 /* Sources */,
				688A33422545080A00F76C56 /* Frameworks */,
				688A33432545080A00F76C56 /* Resources */,
			);
			buildRules = (
			);
			dependencies = (
			);
			name = AlgorithmsSwiftTests;
			productName = AlgorithmsSwiftTests;
			productReference = 688A33452545080A00F76C56 /* AlgorithmsSwiftTests.xctest */;
			productType = "com.apple.product-type.bundle.unit-test";
		};
/* End PBXNativeTarget section */

/* Begin PBXProject section */
		688A33102545057200F76C56 /* Project object */ = {
			isa = PBXProject;
			attributes = {
				LastSwiftUpdateCheck = 1210;
				LastUpgradeCheck = 1210;
				TargetAttributes = {
					688A33172545057200F76C56 = {
						CreatedOnToolsVersion = 12.1;
					};
					688A33442545080A00F76C56 = {
						CreatedOnToolsVersion = 12.1;
						LastSwiftMigration = 1210;
					};
				};
			};
			buildConfigurationList = 688A33132545057200F76C56 /* Build configuration list for PBXProject "AlgorithmsSwift" */;
			compatibilityVersion = "Xcode 9.3";
			developmentRegion = en;
			hasScannedForEncodings = 0;
			knownRegions = (
				en,
				Base,
			);
			mainGroup = 688A330F2545057200F76C56;
			productRefGroup = 688A33192545057200F76C56 /* Products */;
			projectDirPath = "";
			projectRoot = "";
			targets = (
				688A33172545057200F76C56 /* AlgorithmsSwift */,
				688A33442545080A00F76C56 /* AlgorithmsSwiftTests */,
			);
		};
/* End PBXProject section */

/* Begin PBXResourcesBuildPhase section */
		688A33432545080A00F76C56 /* Resources */ = {
			isa = PBXResourcesBuildPhase;
			buildActionMask = 2147483647;
			files = (
			);
			runOnlyForDeploymentPostprocessing = 0;
		};
/* End PBXResourcesBuildPhase section */

/* Begin PBXSourcesBuildPhase section */
		688A33142545057200F76C56 /* Sources */ = {
			isa = PBXSourcesBuildPhase;
			buildActionMask = 2147483647;
			files = (
				49B3A312258572E300369FAB /* RA1.swift in Sources */,
				688A33852546957D00F76C56 /* Graph.swift in Sources */,
				49032F972586D4F200A3EDA0 /* HashMap.swift in Sources */,
				68115D2F255E605A0090C5A8 /* LP4.swift in Sources */,
				680F03A625535FB600D187FF /* MF4.swift in Sources */,
				68115D33255E6DBD0090C5A8 /* DP1.swift in Sources */,
				49B3A31F25857C5100369FAB /* RA2.swift in Sources */,
				68331619255D0A4C004CFF39 /* SimplexValue.swift in Sources */,
				68115D28255E10C30090C5A8 /* LP3.swift in Sources */,
				68331625255D12E3004CFF39 /* LP2.swift in Sources */,
				680F03962551306400D187FF /* MF2.swift in Sources */,
				49032F932586D34300A3EDA0 /* RA3.swift in Sources */,
				688A33802546933100F76C56 /* GR1.swift in Sources */,
				68182D78254CDDA80000C39D /* MF1.swift in Sources */,
				49032FA8258DC65A00A3EDA0 /* DC1.swift in Sources */,
				49032FB5258DE3B300A3EDA0 /* DC2.swift in Sources */,
				6815E5FE2554BA8E0011C165 /* MF5.swift in Sources */,
				688A331C2545057300F76C56 /* main.swift in Sources */,
				68331615255D0832004CFF39 /* SimplexDS.swift in Sources */,
				681870E8257C4C830094B367 /* DP2.swift in Sources */,
				680F039F25521CAA00D187FF /* MF3.swift in Sources */,
				682F8DD22547E0AC00C371FF /* GR2.swift in Sources */,
				6833157D255B6CFE004CFF39 /* LP1.swift in Sources */,
				68EC2E042549DA1C00623738 /* GR3.swift in Sources */,
				68EC2F4B254B79B500623738 /* GR4.swift in Sources */,
				681870EF257CBF9D0094B367 /* DP3.swift in Sources */,
			);
			runOnlyForDeploymentPostprocessing = 0;
		};
		688A33412545080A00F76C56 /* Sources */ = {
			isa = PBXSourcesBuildPhase;
			buildActionMask = 2147483647;
			files = (
				49B3A31B2585787500369FAB /* RA1.swift in Sources */,
				680F03922550D2BA00D187FF /* MF1.swift in Sources */,
				49032FA02586DE4C00A3EDA0 /* HashMap.swift in Sources */,
				68331586255B8699004CFF39 /* LP1.swift in Sources */,
				688A33A72546990000F76C56 /* Graph.swift in Sources */,
				688A339C2546986F00F76C56 /* GR1.swift in Sources */,
				68331583255B866C004CFF39 /* LinearProgrammingTests.swift in Sources */,
				688A33972546984C00F76C56 /* GraphTests.swift in Sources */,
				681870EB257C4F240094B367 /* DP2.swift in Sources */,
				49032FB8258DE73900A3EDA0 /* DC2.swift in Sources */,
				68EC2E002549415200623738 /* GR2.swift in Sources */,
				680F03992551306600D187FF /* MF2.swift in Sources */,
				680F03A225521D4100D187FF /* MF3.swift in Sources */,
				49B3A3182585730000369FAB /* RandomizedAlgorithmsTests.swift in Sources */,
				68115D2B255E11630090C5A8 /* LP3.swift in Sources */,
				6815E5FA2554A41D0011C165 /* MF4.swift in Sources */,
				49032FA32586DFDF00A3EDA0 /* RA3.swift in Sources */,
				6833161E255D10D3004CFF39 /* SimplexDS.swift in Sources */,
				6815E6012554BA980011C165 /* MF5.swift in Sources */,
				68115D36255E6DC50090C5A8 /* DP1.swift in Sources */,
				68331621255D10D6004CFF39 /* SimplexValue.swift in Sources */,
				68EC2EA2254A8D8D00623738 /* GR3.swift in Sources */,
				68182D73254CD4A80000C39D /* GR4.swift in Sources */,
				49032FB1258DC70200A3EDA0 /* DC1.swift in Sources */,
				49B3A3222585E1FB00369FAB /* RA2.swift in Sources */,
				6833162A255D1446004CFF39 /* LP2.swift in Sources */,
				68182D7C254CDDBF0000C39D /* MaxFlowTests.swift in Sources */,
				68115D3A255E6DD50090C5A8 /* DynamicProgrammingTests.swift in Sources */,
				49032FAE258DC6F700A3EDA0 /* DivideAndConquerTests.swift in Sources */,
				681870F2257CBFA10094B367 /* DP3.swift in Sources */,
			);
			runOnlyForDeploymentPostprocessing = 0;
		};
/* End PBXSourcesBuildPhase section */

/* Begin XCBuildConfiguration section */
		688A331D2545057300F76C56 /* Debug */ = {
			isa = XCBuildConfiguration;
			buildSettings = {
				ALWAYS_SEARCH_USER_PATHS = NO;
				CLANG_ANALYZER_NONNULL = YES;
				CLANG_ANALYZER_NUMBER_OBJECT_CONVERSION = YES_AGGRESSIVE;
				CLANG_CXX_LANGUAGE_STANDARD = "gnu++14";
				CLANG_CXX_LIBRARY = "libc++";
				CLANG_ENABLE_MODULES = YES;
				CLANG_ENABLE_OBJC_ARC = YES;
				CLANG_ENABLE_OBJC_WEAK = YES;
				CLANG_WARN_BLOCK_CAPTURE_AUTORELEASING = YES;
				CLANG_WARN_BOOL_CONVERSION = YES;
				CLANG_WARN_COMMA = YES;
				CLANG_WARN_CONSTANT_CONVERSION = YES;
				CLANG_WARN_DEPRECATED_OBJC_IMPLEMENTATIONS = YES;
				CLANG_WARN_DIRECT_OBJC_ISA_USAGE = YES_ERROR;
				CLANG_WARN_DOCUMENTATION_COMMENTS = YES;
				CLANG_WARN_EMPTY_BODY = YES;
				CLANG_WARN_ENUM_CONVERSION = YES;
				CLANG_WARN_INFINITE_RECURSION = YES;
				CLANG_WARN_INT_CONVERSION = YES;
				CLANG_WARN_NON_LITERAL_NULL_CONVERSION = YES;
				CLANG_WARN_OBJC_IMPLICIT_RETAIN_SELF = YES;
				CLANG_WARN_OBJC_LITERAL_CONVERSION = YES;
				CLANG_WARN_OBJC_ROOT_CLASS = YES_ERROR;
				CLANG_WARN_QUOTED_INCLUDE_IN_FRAMEWORK_HEADER = YES;
				CLANG_WARN_RANGE_LOOP_ANALYSIS = YES;
				CLANG_WARN_STRICT_PROTOTYPES = YES;
				CLANG_WARN_SUSPICIOUS_MOVE = YES;
				CLANG_WARN_UNGUARDED_AVAILABILITY = YES_AGGRESSIVE;
				CLANG_WARN_UNREACHABLE_CODE = YES;
				CLANG_WARN__DUPLICATE_METHOD_MATCH = YES;
				COPY_PHASE_STRIP = NO;
				DEBUG_INFORMATION_FORMAT = dwarf;
				ENABLE_STRICT_OBJC_MSGSEND = YES;
				ENABLE_TESTABILITY = YES;
				GCC_C_LANGUAGE_STANDARD = gnu11;
				GCC_DYNAMIC_NO_PIC = NO;
				GCC_NO_COMMON_BLOCKS = YES;
				GCC_OPTIMIZATION_LEVEL = 0;
				GCC_PREPROCESSOR_DEFINITIONS = (
					"DEBUG=1",
					"$(inherited)",
				);
				GCC_WARN_64_TO_32_BIT_CONVERSION = YES;
				GCC_WARN_ABOUT_RETURN_TYPE = YES_ERROR;
				GCC_WARN_UNDECLARED_SELECTOR = YES;
				GCC_WARN_UNINITIALIZED_AUTOS = YES_AGGRESSIVE;
				GCC_WARN_UNUSED_FUNCTION = YES;
				GCC_WARN_UNUSED_VARIABLE = YES;
				MACOSX_DEPLOYMENT_TARGET = 10.15;
				MTL_ENABLE_DEBUG_INFO = INCLUDE_SOURCE;
				MTL_FAST_MATH = YES;
				ONLY_ACTIVE_ARCH = YES;
				SDKROOT = macosx;
				SWIFT_ACTIVE_COMPILATION_CONDITIONS = DEBUG;
				SWIFT_OPTIMIZATION_LEVEL = "-Onone";
			};
			name = Debug;
		};
		688A331E2545057300F76C56 /* Release */ = {
			isa = XCBuildConfiguration;
			buildSettings = {
				ALWAYS_SEARCH_USER_PATHS = NO;
				CLANG_ANALYZER_NONNULL = YES;
				CLANG_ANALYZER_NUMBER_OBJECT_CONVERSION = YES_AGGRESSIVE;
				CLANG_CXX_LANGUAGE_STANDARD = "gnu++14";
				CLANG_CXX_LIBRARY = "libc++";
				CLANG_ENABLE_MODULES = YES;
				CLANG_ENABLE_OBJC_ARC = YES;
				CLANG_ENABLE_OBJC_WEAK = YES;
				CLANG_WARN_BLOCK_CAPTURE_AUTORELEASING = YES;
				CLANG_WARN_BOOL_CONVERSION = YES;
				CLANG_WARN_COMMA = YES;
				CLANG_WARN_CONSTANT_CONVERSION = YES;
				CLANG_WARN_DEPRECATED_OBJC_IMPLEMENTATIONS = YES;
				CLANG_WARN_DIRECT_OBJC_ISA_USAGE = YES_ERROR;
				CLANG_WARN_DOCUMENTATION_COMMENTS = YES;
				CLANG_WARN_EMPTY_BODY = YES;
				CLANG_WARN_ENUM_CONVERSION = YES;
				CLANG_WARN_INFINITE_RECURSION = YES;
				CLANG_WARN_INT_CONVERSION = YES;
				CLANG_WARN_NON_LITERAL_NULL_CONVERSION = YES;
				CLANG_WARN_OBJC_IMPLICIT_RETAIN_SELF = YES;
				CLANG_WARN_OBJC_LITERAL_CONVERSION = YES;
				CLANG_WARN_OBJC_ROOT_CLASS = YES_ERROR;
				CLANG_WARN_QUOTED_INCLUDE_IN_FRAMEWORK_HEADER = YES;
				CLANG_WARN_RANGE_LOOP_ANALYSIS = YES;
				CLANG_WARN_STRICT_PROTOTYPES = YES;
				CLANG_WARN_SUSPICIOUS_MOVE = YES;
				CLANG_WARN_UNGUARDED_AVAILABILITY = YES_AGGRESSIVE;
				CLANG_WARN_UNREACHABLE_CODE = YES;
				CLANG_WARN__DUPLICATE_METHOD_MATCH = YES;
				COPY_PHASE_STRIP = NO;
				DEBUG_INFORMATION_FORMAT = "dwarf-with-dsym";
				ENABLE_NS_ASSERTIONS = NO;
				ENABLE_STRICT_OBJC_MSGSEND = YES;
				GCC_C_LANGUAGE_STANDARD = gnu11;
				GCC_NO_COMMON_BLOCKS = YES;
				GCC_WARN_64_TO_32_BIT_CONVERSION = YES;
				GCC_WARN_ABOUT_RETURN_TYPE = YES_ERROR;
				GCC_WARN_UNDECLARED_SELECTOR = YES;
				GCC_WARN_UNINITIALIZED_AUTOS = YES_AGGRESSIVE;
				GCC_WARN_UNUSED_FUNCTION = YES;
				GCC_WARN_UNUSED_VARIABLE = YES;
				MACOSX_DEPLOYMENT_TARGET = 10.15;
				MTL_ENABLE_DEBUG_INFO = NO;
				MTL_FAST_MATH = YES;
				SDKROOT = macosx;
				SWIFT_COMPILATION_MODE = wholemodule;
				SWIFT_OPTIMIZATION_LEVEL = "-O";
			};
			name = Release;
		};
		688A33202545057300F76C56 /* Debug */ = {
			isa = XCBuildConfiguration;
			buildSettings = {
				CODE_SIGN_STYLE = Automatic;
				PRODUCT_NAME = "$(TARGET_NAME)";
				SWIFT_VERSION = 5.0;
			};
			name = Debug;
		};
		688A33212545057300F76C56 /* Release */ = {
			isa = XCBuildConfiguration;
			buildSettings = {
				CODE_SIGN_STYLE = Automatic;
				PRODUCT_NAME = "$(TARGET_NAME)";
				SWIFT_VERSION = 5.0;
			};
			name = Release;
		};
		688A334B2545080A00F76C56 /* Debug */ = {
			isa = XCBuildConfiguration;
			buildSettings = {
				CLANG_ENABLE_MODULES = YES;
				CODE_SIGN_STYLE = Automatic;
				COMBINE_HIDPI_IMAGES = YES;
				INFOPLIST_FILE = AlgorithmsSwiftTests/Info.plist;
				LD_RUNPATH_SEARCH_PATHS = (
					"$(inherited)",
					"@executable_path/../Frameworks",
					"@loader_path/../Frameworks",
				);
				PRODUCT_BUNDLE_IDENTIFIER = com.michaelho.AlgorithmsSwiftTests;
				PRODUCT_NAME = "$(TARGET_NAME)";
				SWIFT_OBJC_BRIDGING_HEADER = "AlgorithmsSwiftTests/AlgorithmsSwiftTests-Bridging-Header.h";
				SWIFT_OPTIMIZATION_LEVEL = "-Onone";
				SWIFT_VERSION = 5.0;
			};
			name = Debug;
		};
		688A334C2545080A00F76C56 /* Release */ = {
			isa = XCBuildConfiguration;
			buildSettings = {
				CLANG_ENABLE_MODULES = YES;
				CODE_SIGN_STYLE = Automatic;
				COMBINE_HIDPI_IMAGES = YES;
				INFOPLIST_FILE = AlgorithmsSwiftTests/Info.plist;
				LD_RUNPATH_SEARCH_PATHS = (
					"$(inherited)",
					"@executable_path/../Frameworks",
					"@loader_path/../Frameworks",
				);
				PRODUCT_BUNDLE_IDENTIFIER = com.michaelho.AlgorithmsSwiftTests;
				PRODUCT_NAME = "$(TARGET_NAME)";
				SWIFT_OBJC_BRIDGING_HEADER = "AlgorithmsSwiftTests/AlgorithmsSwiftTests-Bridging-Header.h";
				SWIFT_VERSION = 5.0;
			};
			name = Release;
		};
/* End XCBuildConfiguration section */

/* Begin XCConfigurationList section */
		688A33132545057200F76C56 /* Build configuration list for PBXProject "AlgorithmsSwift" */ = {
			isa = XCConfigurationList;
			buildConfigurations = (
				688A331D2545057300F76C56 /* Debug */,
				688A331E2545057300F76C56 /* Release */,
			);
			defaultConfigurationIsVisible = 0;
			defaultConfigurationName = Release;
		};
		688A331F2545057300F76C56 /* Build configuration list for PBXNativeTarget "AlgorithmsSwift" */ = {
			isa = XCConfigurationList;
			buildConfigurations = (
				688A33202545057300F76C56 /* Debug */,
				688A33212545057300F76C56 /* Release */,
			);
			defaultConfigurationIsVisible = 0;
			defaultConfigurationName = Release;
		};
		688A334A2545080A00F76C56 /* Build configuration list for PBXNativeTarget "AlgorithmsSwiftTests" */ = {
			isa = XCConfigurationList;
			buildConfigurations = (
				688A334B2545080A00F76C56 /* Debug */,
				688A334C2545080A00F76C56 /* Release */,
			);
			defaultConfigurationIsVisible = 0;
			defaultConfigurationName = Release;
		};
/* End XCConfigurationList section */
	};
	rootObject = 688A33102545057200F76C56 /* Project object */;
}
